
Microsoft Visual Studio Solution File, Format Version 12.00
# Visual Studio Version 16
VisualStudioVersion = 16.0.31911.196
MinimumVisualStudioVersion = 10.0.40219.1
Project("{FAE04EC0-301F-11D3-BF4B-00C04F79EFBC}") = "GordiTEC", "GordiTEC\GordiTEC.csproj", "{364FF6E1-2FD9-4319-BBE6-139E07487D55}"
EndProject
Global
	GlobalSection(SolutionConfigurationPlatforms) = preSolution
		Debug|Any CPU = Debug|Any CPU
		Release|Any CPU = Release|Any CPU
	EndGlobalSection
	GlobalSection(ProjectConfigurationPlatforms) = postSolution
		{364FF6E1-2FD9-4319-BBE6-139E07487D55}.Debug|Any CPU.ActiveCfg = Debug|Any CPU
		{364FF6E1-2FD9-4319-BBE6-139E07487D55}.Debug|Any CPU.Build.0 = Debug|Any CPU
		{364FF6E1-2FD9-4319-BBE6-139E07487D55}.Release|Any CPU.ActiveCfg = Release|Any CPU
		{364FF6E1-2FD9-4319-BBE6-139E07487D55}.Release|Any CPU.Build.0 = Release|Any CPU
	EndGlobalSection
	GlobalSection(SolutionProperties) = preSolution
		HideSolutionNode = FALSE
	EndGlobalSection
	GlobalSection(ExtensibilityGlobals) = postSolution
		SolutionGuid = {BE6F6F4E-BC3B-4539-BFEE-1FE8559B210D}
	EndGlobalSection
EndGlobal
